<?xml version="1.0" encoding="utf-8"?>
<Project ToolsVersion="4.0" xmlns="http://schemas.microsoft.com/developer/msbuild/2003">
  <ItemGroup>
    <Filter Include="Source Files">
      <UniqueIdentifier>{4FC737F1-C7A5-4376-A066-2A32D752A2FF}</UniqueIdentifier>
      <Extensions>cpp;c;cc;cxx;def;odl;idl;hpj;bat;asm;asmx</Extensions>
    </Filter>
    <Filter Include="Header Files">
      <UniqueIdentifier>{93995380-89BD-4b04-88EB-625FBE52EBFB}</UniqueIdentifier>
      <Extensions>h;hpp;hxx;hm;inl;inc;xsd</Extensions>
    </Filter>
    <Filter Include="Resource Files">
      <UniqueIdentifier>{67DA6AB6-F800-4c08-8B7A-83BB121AAD01}</UniqueIdentifier>
      <Extensions>rc;ico;cur;bmp;dlg;rc2;rct;bin;rgs;gif;jpg;jpeg;jpe;resx;tiff;tif;png;wav;mfcribbon-ms</Extensions>
    </Filter>
  </ItemGroup>
  <ItemGroup>
    <Text Include="ReadMe.txt" />
  </ItemGroup>
  <ItemGroup>
    <ClInclude Include="stdafx.h">
      <Filter>Header Files</Filter>
    </ClInclude>
    <ClInclude Include="targetver.h">
      <Filter>Header Files</Filter>
    </ClInclude>
    <ClInclude Include="Amenity.h">
      <Filter>Header Files</Filter>
    </ClInclude>
    <ClInclude Include="EntityNode.h">
      <Filter>Header Files</Filter>
    </ClInclude>
    <ClInclude Include="MapObject.h">
      <Filter>Header Files</Filter>
    </ClInclude>
    <ClInclude Include="MapRoutingTypes.h">
      <Filter>Header Files</Filter>
    </ClInclude>
    <ClInclude Include="MapUtils.h">
      <Filter>Header Files</Filter>
    </ClInclude>
    <ClInclude Include="MultiPoly.h">
      <Filter>Header Files</Filter>
    </ClInclude>
    <ClInclude Include="sqlite3.h">
      <Filter>Header Files</Filter>
    </ClInclude>
    <ClInclude Include="sqlite3ext.h">
      <Filter>Header Files</Filter>
    </ClInclude>
    <ClInclude Include="ArchiveIO.h">
      <Filter>Header Files</Filter>
    </ClInclude>
    <ClInclude Include="EntityBase.h">
      <Filter>Header Files</Filter>
    </ClInclude>
    <ClInclude Include="RTree.h">
      <Filter>Header Files</Filter>
    </ClInclude>
    <ClInclude Include="Building.h">
      <Filter>Header Files</Filter>
    </ClInclude>
    <ClInclude Include="Street.h">
      <Filter>Header Files</Filter>
    </ClInclude>
    <ClInclude Include="TileManager.h">
      <Filter>Header Files</Filter>
    </ClInclude>
    <ClInclude Include="OSMTags.h">
      <Filter>Header Files</Filter>
    </ClInclude>
    <ClInclude Include="BinaryMapDataWriter.h">
      <Filter>Header Files</Filter>
    </ClInclude>
    <ClInclude Include="BinaryIndexDataReader.h">
      <Filter>Header Files</Filter>
    </ClInclude>
    <ClInclude Include="RandomAccessFileWriter.h">
      <Filter>Header Files</Filter>
    </ClInclude>
    <ClInclude Include="RandomAccessFileReader.h">
      <Filter>Header Files</Filter>
    </ClInclude>
    <ClInclude Include="BinaryMapDataReader.h">
      <Filter>Header Files</Filter>
    </ClInclude>
    <ClInclude Include="MapObjectData.h">
      <Filter>Header Files</Filter>
    </ClInclude>
    <ClInclude Include="Rtree_Serialization.h">
      <Filter>Header Files</Filter>
    </ClInclude>
    <ClInclude Include="BinaryAddressDataReader.h">
      <Filter>Header Files</Filter>
    </ClInclude>
    <ClInclude Include="BinaryRouteDataReader.h">
      <Filter>Header Files</Filter>
    </ClInclude>
    <ClInclude Include="BinaryReaderUtils.h">
      <Filter>Header Files</Filter>
    </ClInclude>
    <ClInclude Include="BinaryPoiDataReader.h">
      <Filter>Header Files</Filter>
    </ClInclude>
    <ClInclude Include="CollectionData.h">
      <Filter>Header Files</Filter>
    </ClInclude>
    <ClInclude Include="AsyncHelper.h">
      <Filter>Header Files</Filter>
    </ClInclude>
    <ClInclude Include="MapDataGenerator.h">
      <Filter>Header Files</Filter>
    </ClInclude>
    <ClInclude Include="MapStyleInfo.h">
      <Filter>Header Files</Filter>
    </ClInclude>
    <ClInclude Include="MapStyleValue.h">
      <Filter>Header Files</Filter>
    </ClInclude>
    <ClInclude Include="MapStyleChoiceValue.h">
      <Filter>Header Files</Filter>
    </ClInclude>
    <ClInclude Include="DefaultMapStyleValue.h">
      <Filter>Header Files</Filter>
    </ClInclude>
    <ClInclude Include="DefaultMapValueSet.h">
      <Filter>Header Files</Filter>
    </ClInclude>
    <ClInclude Include="MapStyleRule.h">
      <Filter>Header Files</Filter>
    </ClInclude>
    <ClInclude Include="MapStyleData.h">
      <Filter>Header Files</Filter>
    </ClInclude>
    <ClInclude Include="Tools.h">
      <Filter>Header Files</Filter>
    </ClInclude>
    <ClInclude Include="BinaryMapDataObjects.h">
      <Filter>Header Files</Filter>
    </ClInclude>
    <ClInclude Include="MapStyleEval.h">
      <Filter>Header Files</Filter>
    </ClInclude>
  </ItemGroup>
  <ItemGroup>
    <ClCompile Include="stdafx.cpp">
      <Filter>Source Files</Filter>
    </ClCompile>
    <ClCompile Include="OBFLibrary.cpp">
      <Filter>Source Files</Filter>
    </ClCompile>
    <ClCompile Include="dllmain.cpp">
      <Filter>Source Files</Filter>
    </ClCompile>
    <ClCompile Include="Amenity.cpp">
      <Filter>Source Files</Filter>
    </ClCompile>
    <ClCompile Include="EntityBase.cpp">
      <Filter>Source Files</Filter>
    </ClCompile>
    <ClCompile Include="EntityNode.cpp">
      <Filter>Source Files</Filter>
    </ClCompile>
    <ClCompile Include="MapObject.cpp">
      <Filter>Source Files</Filter>
    </ClCompile>
    <ClCompile Include="MapRoutingTypes.cpp">
      <Filter>Source Files</Filter>
    </ClCompile>
    <ClCompile Include="MapUtils.cpp">
      <Filter>Source Files</Filter>
    </ClCompile>
    <ClCompile Include="MultiPoly.cpp">
      <Filter>Source Files</Filter>
    </ClCompile>
    <ClCompile Include="OBFRenderingTypes.cpp">
      <Filter>Source Files</Filter>
    </ClCompile>
    <ClCompile Include="sqlite3.c">
      <Filter>Source Files</Filter>
    </ClCompile>
    <ClCompile Include="TileManager.cpp">
      <Filter>Source Files</Filter>
    </ClCompile>
    <ClCompile Include="D:\VisualFiles\tinyxml2-master\tinyxml2.cpp">
      <Filter>Source Files</Filter>
    </ClCompile>
    <ClCompile Include="Building.cpp">
      <Filter>Source Files</Filter>
    </ClCompile>
    <ClCompile Include="Street.cpp">
      <Filter>Source Files</Filter>
    </ClCompile>
    <ClCompile Include="OSMTags.cpp">
      <Filter>Source Files</Filter>
    </ClCompile>
    <ClCompile Include="ArchiveIO.cpp">
      <Filter>Source Files</Filter>
    </ClCompile>
    <ClCompile Include="BinaryMapDataWriter.cpp">
      <Filter>Source Files</Filter>
    </ClCompile>
    <ClCompile Include="BinaryIndexDataReader.cpp">
      <Filter>Source Files</Filter>
    </ClCompile>
    <ClCompile Include="RandomAccessFileWriter.cpp">
      <Filter>Source Files</Filter>
    </ClCompile>
    <ClCompile Include="RandomAccessFileReader.cpp">
      <Filter>Source Files</Filter>
    </ClCompile>
    <ClCompile Include="C:\boost_1_55\libs\iostreams\src\zlib.cpp">
      <Filter>Source Files</Filter>
    </ClCompile>
    <ClCompile Include="BinaryMapDataReader.cpp">
      <Filter>Source Files</Filter>
    </ClCompile>
    <ClCompile Include="MapObjectData.cpp">
      <Filter>Source Files</Filter>
    </ClCompile>
    <ClCompile Include="BinaryAddressDataReader.cpp">
      <Filter>Source Files</Filter>
    </ClCompile>
    <ClCompile Include="BinaryRouteDataReader.cpp">
      <Filter>Source Files</Filter>
    </ClCompile>
    <ClCompile Include="BinaryReaderUtils.cpp">
      <Filter>Source Files</Filter>
    </ClCompile>
    <ClCompile Include="BinaryPoiDataReader.cpp">
      <Filter>Source Files</Filter>
    </ClCompile>
    <ClCompile Include="MapDataGenerator.cpp">
      <Filter>Source Files</Filter>
    </ClCompile>
    <ClCompile Include="MapStyleInfo.cpp">
      <Filter>Source Files</Filter>
    </ClCompile>
    <ClCompile Include="MapStyleValue.cpp">
      <Filter>Source Files</Filter>
    </ClCompile>
    <ClCompile Include="MapStyleChoiceValue.cpp">
      <Filter>Source Files</Filter>
    </ClCompile>
    <ClCompile Include="DefaultMapStyleValue.cpp">
      <Filter>Source Files</Filter>
    </ClCompile>
    <ClCompile Include="MapStyleRule.cpp">
      <Filter>Source Files</Filter>
    </ClCompile>
    <ClCompile Include="MapStyleData.cpp">
      <Filter>Source Files</Filter>
    </ClCompile>
    <ClCompile Include="Tools.cpp">
      <Filter>Source Files</Filter>
    </ClCompile>
    <ClCompile Include="BinaryMapDataObjects.cpp">
      <Filter>Source Files</Filter>
    </ClCompile>
    <ClCompile Include="MapStyleEval.cpp">
      <Filter>Source Files</Filter>
    </ClCompile>
  </ItemGroup>
</Project>