<?xml version="1.0" encoding="utf-8"?>
<Project ToolsVersion="4.0" xmlns="http://schemas.microsoft.com/developer/msbuild/2003">
  <ItemGroup>
    <Filter Include="Source Files">
      <UniqueIdentifier>{4FC737F1-C7A5-4376-A066-2A32D752A2FF}</UniqueIdentifier>
      <Extensions>cpp;c;cc;cxx;def;odl;idl;hpj;bat;asm;asmx</Extensions>
    </Filter>
    <Filter Include="Header Files">
      <UniqueIdentifier>{93995380-89BD-4b04-88EB-625FBE52EBFB}</UniqueIdentifier>
      <Extensions>h;hpp;hxx;hm;inl;inc;xsd</Extensions>
    </Filter>
    <Filter Include="Resource Files">
      <UniqueIdentifier>{67DA6AB6-F800-4c08-8B7A-83BB121AAD01}</UniqueIdentifier>
      <Extensions>rc;ico;cur;bmp;dlg;rc2;rct;bin;rgs;gif;jpg;jpeg;jpe;resx;tiff;tif;png;wav;mfcribbon-ms</Extensions>
    </Filter>
    <Filter Include="Header Files\map">
      <UniqueIdentifier>{8f80753e-8dfd-45ae-8390-b75c657c40da}</UniqueIdentifier>
    </Filter>
    <Filter Include="Header Files\platform">
      <UniqueIdentifier>{87ff2e3d-97c7-493c-ac99-1bc59fbb1b4b}</UniqueIdentifier>
    </Filter>
    <Filter Include="Header Files\util">
      <UniqueIdentifier>{f084283b-6b94-4132-8cf5-893b907a4125}</UniqueIdentifier>
    </Filter>
    <Filter Include="Source Files\text">
      <UniqueIdentifier>{ac65b5e9-74f8-457f-98c5-1e06db9a4b7e}</UniqueIdentifier>
    </Filter>
    <Filter Include="Header Files\text">
      <UniqueIdentifier>{cf5bb454-b315-4cfb-8a97-40734079d277}</UniqueIdentifier>
    </Filter>
    <Filter Include="Source Files\geometry">
      <UniqueIdentifier>{f6e90025-f961-44e7-8168-beab85050ded}</UniqueIdentifier>
    </Filter>
    <Filter Include="Source Files\style">
      <UniqueIdentifier>{6f47b37e-4c36-4b25-9256-af044e3246b1}</UniqueIdentifier>
    </Filter>
  </ItemGroup>
  <ItemGroup>
    <Text Include="ReadMe.txt" />
  </ItemGroup>
  <ItemGroup>
    <ClInclude Include="stdafx.h">
      <Filter>Header Files</Filter>
    </ClInclude>
    <ClInclude Include="targetver.h">
      <Filter>Header Files</Filter>
    </ClInclude>
    <ClInclude Include="mbgl\text\collision.hpp">
      <Filter>Source Files\text</Filter>
    </ClInclude>
    <ClInclude Include="mbgl\text\glyph.hpp">
      <Filter>Source Files\text</Filter>
    </ClInclude>
    <ClInclude Include="mbgl\text\glyph_store.hpp">
      <Filter>Source Files\text</Filter>
    </ClInclude>
    <ClInclude Include="mbgl\text\placement.hpp">
      <Filter>Source Files\text</Filter>
    </ClInclude>
    <ClInclude Include="mbgl\text\rotation_range.hpp">
      <Filter>Source Files\text</Filter>
    </ClInclude>
    <ClInclude Include="mbgl\text\types.hpp">
      <Filter>Source Files\text</Filter>
    </ClInclude>
    <ClInclude Include="include\mbgl\util\constants.hpp">
      <Filter>Header Files\util</Filter>
    </ClInclude>
    <ClInclude Include="include\mbgl\util\enum.hpp">
      <Filter>Header Files\util</Filter>
    </ClInclude>
    <ClInclude Include="include\mbgl\util\image.hpp">
      <Filter>Header Files\util</Filter>
    </ClInclude>
    <ClInclude Include="include\mbgl\util\mat4.hpp">
      <Filter>Header Files\util</Filter>
    </ClInclude>
    <ClInclude Include="include\mbgl\util\math.hpp">
      <Filter>Header Files\util</Filter>
    </ClInclude>
    <ClInclude Include="include\mbgl\util\noncopyable.hpp">
      <Filter>Header Files\util</Filter>
    </ClInclude>
    <ClInclude Include="include\mbgl\util\parsedate.h">
      <Filter>Header Files\util</Filter>
    </ClInclude>
    <ClInclude Include="include\mbgl\util\ptr.hpp">
      <Filter>Header Files\util</Filter>
    </ClInclude>
    <ClInclude Include="include\mbgl\util\recursive_wrapper.hpp">
      <Filter>Header Files\util</Filter>
    </ClInclude>
    <ClInclude Include="include\mbgl\util\std.hpp">
      <Filter>Header Files\util</Filter>
    </ClInclude>
    <ClInclude Include="include\mbgl\util\string.hpp">
      <Filter>Header Files\util</Filter>
    </ClInclude>
    <ClInclude Include="include\mbgl\util\time.hpp">
      <Filter>Header Files\util</Filter>
    </ClInclude>
    <ClInclude Include="include\mbgl\util\utf.hpp">
      <Filter>Header Files\util</Filter>
    </ClInclude>
    <ClInclude Include="include\mbgl\util\uv.hpp">
      <Filter>Header Files\util</Filter>
    </ClInclude>
    <ClInclude Include="include\mbgl\util\uv-messenger.h">
      <Filter>Header Files\util</Filter>
    </ClInclude>
    <ClInclude Include="include\mbgl\util\variant.hpp">
      <Filter>Header Files\util</Filter>
    </ClInclude>
    <ClInclude Include="include\mbgl\util\vec.hpp">
      <Filter>Header Files\util</Filter>
    </ClInclude>
    <ClInclude Include="include\mbgl\map\map.hpp">
      <Filter>Header Files\map</Filter>
    </ClInclude>
    <ClInclude Include="include\mbgl\map\tile.hpp">
      <Filter>Header Files\map</Filter>
    </ClInclude>
    <ClInclude Include="include\mbgl\map\transform.hpp">
      <Filter>Header Files\map</Filter>
    </ClInclude>
    <ClInclude Include="include\mbgl\map\transform_state.hpp">
      <Filter>Header Files\map</Filter>
    </ClInclude>
    <ClInclude Include="include\mbgl\map\view.hpp">
      <Filter>Header Files\map</Filter>
    </ClInclude>
  </ItemGroup>
  <ItemGroup>
    <ClCompile Include="stdafx.cpp">
      <Filter>Source Files</Filter>
    </ClCompile>
    <ClCompile Include="mbgl\text\collision.cpp">
      <Filter>Source Files\text</Filter>
    </ClCompile>
    <ClCompile Include="mbgl\text\glyph.cpp">
      <Filter>Source Files\text</Filter>
    </ClCompile>
    <ClCompile Include="mbgl\text\glyph_store.cpp">
      <Filter>Source Files\text</Filter>
    </ClCompile>
    <ClCompile Include="mbgl\text\placement.cpp">
      <Filter>Source Files\text</Filter>
    </ClCompile>
    <ClCompile Include="mbgl\text\rotation_range.cpp">
      <Filter>Source Files\text</Filter>
    </ClCompile>
    <ClCompile Include="mbgl\geometry\debug_font_buffer.cpp">
      <Filter>Source Files\geometry</Filter>
    </ClCompile>
    <ClCompile Include="mbgl\geometry\elements_buffer.cpp">
      <Filter>Source Files\geometry</Filter>
    </ClCompile>
    <ClCompile Include="mbgl\geometry\fill_buffer.cpp">
      <Filter>Source Files\geometry</Filter>
    </ClCompile>
    <ClCompile Include="mbgl\geometry\glyph_atlas.cpp">
      <Filter>Source Files\geometry</Filter>
    </ClCompile>
    <ClCompile Include="mbgl\geometry\icon_buffer.cpp">
      <Filter>Source Files\geometry</Filter>
    </ClCompile>
    <ClCompile Include="mbgl\geometry\line_buffer.cpp">
      <Filter>Source Files\geometry</Filter>
    </ClCompile>
    <ClCompile Include="mbgl\geometry\resample.cpp">
      <Filter>Source Files\geometry</Filter>
    </ClCompile>
    <ClCompile Include="mbgl\geometry\sprite_atlas.cpp">
      <Filter>Source Files\geometry</Filter>
    </ClCompile>
    <ClCompile Include="mbgl\geometry\static_vertex_buffer.cpp">
      <Filter>Source Files\geometry</Filter>
    </ClCompile>
    <ClCompile Include="mbgl\geometry\text_buffer.cpp">
      <Filter>Source Files\geometry</Filter>
    </ClCompile>
    <ClCompile Include="mbgl\geometry\vao.cpp">
      <Filter>Source Files\geometry</Filter>
    </ClCompile>
  </ItemGroup>
</Project>